
Microsoft Visual Studio Solution File, Format Version 12.00
# Visual Studio Version 17
VisualStudioVersion = 17.6.33829.357
MinimumVisualStudioVersion = 10.0.40219.1
Project("{9A19103F-16F7-4668-BE54-9A1E7A4F7556}") = "EmployeeManagement", "EmployeeManagement\EmployeeManagement.csproj", "{60A2C566-4F1F-474A-B326-F89A376DD5C9}"
EndProject
Project("{9A19103F-16F7-4668-BE54-9A1E7A4F7556}") = "EmployeeManagement.Contracts", "EmployeeManagement.Contracts\EmployeeManagement.Contracts.csproj", "{44F00480-11C0-4556-AF13-C6C0B7F9FFCB}"
EndProject
Project("{FAE04EC0-301F-11D3-BF4B-00C04F79EFBC}") = "EmployeeManagement.DataAccessservice", "EmployeeManagement.DataAccessservice\EmployeeManagement.DataAccessservice.csproj", "{104D4F5A-2BBB-47F2-8E0E-B539A9F02A8B}"
EndProject
Global
	GlobalSection(SolutionConfigurationPlatforms) = preSolution
		Debug|Any CPU = Debug|Any CPU
		Release|Any CPU = Release|Any CPU
	EndGlobalSection
	GlobalSection(ProjectConfigurationPlatforms) = postSolution
		{60A2C566-4F1F-474A-B326-F89A376DD5C9}.Debug|Any CPU.ActiveCfg = Debug|Any CPU
		{60A2C566-4F1F-474A-B326-F89A376DD5C9}.Debug|Any CPU.Build.0 = Debug|Any CPU
		{60A2C566-4F1F-474A-B326-F89A376DD5C9}.Release|Any CPU.ActiveCfg = Release|Any CPU
		{60A2C566-4F1F-474A-B326-F89A376DD5C9}.Release|Any CPU.Build.0 = Release|Any CPU
		{44F00480-11C0-4556-AF13-C6C0B7F9FFCB}.Debug|Any CPU.ActiveCfg = Debug|Any CPU
		{44F00480-11C0-4556-AF13-C6C0B7F9FFCB}.Debug|Any CPU.Build.0 = Debug|Any CPU
		{44F00480-11C0-4556-AF13-C6C0B7F9FFCB}.Release|Any CPU.ActiveCfg = Release|Any CPU
		{44F00480-11C0-4556-AF13-C6C0B7F9FFCB}.Release|Any CPU.Build.0 = Release|Any CPU
		{104D4F5A-2BBB-47F2-8E0E-B539A9F02A8B}.Debug|Any CPU.ActiveCfg = Debug|Any CPU
		{104D4F5A-2BBB-47F2-8E0E-B539A9F02A8B}.Debug|Any CPU.Build.0 = Debug|Any CPU
		{104D4F5A-2BBB-47F2-8E0E-B539A9F02A8B}.Release|Any CPU.ActiveCfg = Release|Any CPU
		{104D4F5A-2BBB-47F2-8E0E-B539A9F02A8B}.Release|Any CPU.Build.0 = Release|Any CPU
	EndGlobalSection
	GlobalSection(SolutionProperties) = preSolution
		HideSolutionNode = FALSE
	EndGlobalSection
	GlobalSection(ExtensibilityGlobals) = postSolution
		SolutionGuid = {C29A8935-5F66-452D-85EE-24CB3C9CE21C}
	EndGlobalSection
EndGlobal
